
Microsoft Visual Studio Solution File, Format Version 12.00
# Visual Studio Version 17
VisualStudioVersion = 17.6.33829.357
MinimumVisualStudioVersion = 10.0.40219.1
Project("{FAE04EC0-301F-11D3-BF4B-00C04F79EFBC}") = "TestAssignmentForDCT", "TestAssignmentForDCT\TestAssignmentForDCT.csproj", "{C207A6E6-60E0-41A6-9FEE-F3E284823BBD}"
EndProject
Global
	GlobalSection(SolutionConfigurationPlatforms) = preSolution
		Debug|Any CPU = Debug|Any CPU
		Release|Any CPU = Release|Any CPU
	EndGlobalSection
	GlobalSection(ProjectConfigurationPlatforms) = postSolution
		{C207A6E6-60E0-41A6-9FEE-F3E284823BBD}.Debug|Any CPU.ActiveCfg = Debug|Any CPU
		{C207A6E6-60E0-41A6-9FEE-F3E284823BBD}.Debug|Any CPU.Build.0 = Debug|Any CPU
		{C207A6E6-60E0-41A6-9FEE-F3E284823BBD}.Release|Any CPU.ActiveCfg = Release|Any CPU
		{C207A6E6-60E0-41A6-9FEE-F3E284823BBD}.Release|Any CPU.Build.0 = Release|Any CPU
	EndGlobalSection
	GlobalSection(SolutionProperties) = preSolution
		HideSolutionNode = FALSE
	EndGlobalSection
	GlobalSection(ExtensibilityGlobals) = postSolution
		SolutionGuid = {667D5074-24B9-4687-90B0-20761BA736FC}
	EndGlobalSection
EndGlobal
